{
  "name": "solana-key-decoder-cli",
  "version": "1.0.4",
  "lockfileVersion": 2,
  "requires": true,
  "packages": {
    "": {
      "name": "solana-key-decoder-cli",
      "version": "1.0.4",
      "license": "ISC",
      "dependencies": {
        "bs58": "^5.0.0",
        "solana-key-decoder-cli": "^1.0.4"
      },
      "bin": {
        "solana-key-decoder-cli": "index.js"
      }
    },
    "node_modules/base-x": {
      "version": "4.0.0",
      "resolved": "https://registry.npmjs.org/base-x/-/base-x-4.0.0.tgz",
      "integrity": "sha512-FuwxlW4H5kh37X/oW59pwTzzTKRzfrrQwhmyspRM7swOEZcHtDZSCt45U6oKgtuFE+WYPblePMVIPR4RZrh/hw=="
    },
    "node_modules/bs58": {
      "version": "5.0.0",
      "resolved": "https://registry.npmjs.org/bs58/-/bs58-5.0.0.tgz",
      "integrity": "sha512-r+ihvQJvahgYT50JD05dyJNKlmmSlMoOGwn1lCcEzanPglg7TxYjioQUYehQ9mAR/+hOSd2jRc/Z2y5UxBymvQ==",
      "dependencies": {
        "base-x": "^4.0.0"
      }
    },
    "node_modules/solana-key-decoder-cli": {
      "version": "1.0.4",
      "resolved": "https://registry.npmjs.org/solana-key-decoder-cli/-/solana-key-decoder-cli-1.0.4.tgz",
      "integrity": "sha512-8M9Yl7eg40cF2VPBDvukHR6zhlC760fDGC8oHKdRhjJkwtWLiA5yXJ9uFUCpe4uENH3Lr6TwsBNl+wN3bB53Kg==",
      "dependencies": {
        "bs58": "^5.0.0"
      },
      "bin": {
        "solana-key-decoder-cli": "index.js"
      }
    }
  },
  "dependencies": {
    "base-x": {
      "version": "4.0.0",
      "resolved": "https://registry.npmjs.org/base-x/-/base-x-4.0.0.tgz",
      "integrity": "sha512-FuwxlW4H5kh37X/oW59pwTzzTKRzfrrQwhmyspRM7swOEZcHtDZSCt45U6oKgtuFE+WYPblePMVIPR4RZrh/hw=="
    },
    "bs58": {
      "version": "5.0.0",
      "resolved": "https://registry.npmjs.org/bs58/-/bs58-5.0.0.tgz",
      "integrity": "sha512-r+ihvQJvahgYT50JD05dyJNKlmmSlMoOGwn1lCcEzanPglg7TxYjioQUYehQ9mAR/+hOSd2jRc/Z2y5UxBymvQ==",
      "requires": {
        "base-x": "^4.0.0"
      }
    },
    "solana-key-decoder-cli": {
      "version": "1.0.4",
      "resolved": "https://registry.npmjs.org/solana-key-decoder-cli/-/solana-key-decoder-cli-1.0.4.tgz",
      "integrity": "sha512-8M9Yl7eg40cF2VPBDvukHR6zhlC760fDGC8oHKdRhjJkwtWLiA5yXJ9uFUCpe4uENH3Lr6TwsBNl+wN3bB53Kg==",
      "requires": {
        "bs58": "^5.0.0"
      }
    }
  }
}
